
Microsoft Visual Studio Solution File, Format Version 12.00
# Visual Studio 2013
VisualStudioVersion = 12.0.21005.1
MinimumVisualStudioVersion = 10.0.40219.1
Project("{8BC9CEB8-8B4A-11D0-8D11-00A0C91BC942}") = "gotchangpdf", "gotchangpdf.vcxproj", "{9AF81955-0B8C-4778-9F93-3ED8285D3D49}"
EndProject
Project("{8BC9CEB8-8B4A-11D0-8D11-00A0C91BC942}") = "gotchangpdf.test", "gotchangpdf.test.vcxproj", "{FE84B8DB-924F-4029-849F-D1729F8A040B}"
EndProject
Global
	GlobalSection(SolutionConfigurationPlatforms) = preSolution
		debug|Win32 = debug|Win32
		release|Win32 = release|Win32
	EndGlobalSection
	GlobalSection(ProjectConfigurationPlatforms) = postSolution
		{9AF81955-0B8C-4778-9F93-3ED8285D3D49}.debug|Win32.ActiveCfg = debug|Win32
		{9AF81955-0B8C-4778-9F93-3ED8285D3D49}.debug|Win32.Build.0 = debug|Win32
		{9AF81955-0B8C-4778-9F93-3ED8285D3D49}.release|Win32.ActiveCfg = release|Win32
		{9AF81955-0B8C-4778-9F93-3ED8285D3D49}.release|Win32.Build.0 = release|Win32
		{FE84B8DB-924F-4029-849F-D1729F8A040B}.debug|Win32.ActiveCfg = debug|Win32
		{FE84B8DB-924F-4029-849F-D1729F8A040B}.debug|Win32.Build.0 = debug|Win32
		{FE84B8DB-924F-4029-849F-D1729F8A040B}.release|Win32.ActiveCfg = release|Win32
		{FE84B8DB-924F-4029-849F-D1729F8A040B}.release|Win32.Build.0 = release|Win32
	EndGlobalSection
	GlobalSection(SolutionProperties) = preSolution
		HideSolutionNode = FALSE
	EndGlobalSection
EndGlobal
